<?xml version="1.0" encoding="utf-8"?>
<Project ToolsVersion="4.0" xmlns="http://schemas.microsoft.com/developer/msbuild/2003">
  <ItemGroup>
    <Filter Include="Quelldateien">
      <UniqueIdentifier>{4FC737F1-C7A5-4376-A066-2A32D752A2FF}</UniqueIdentifier>
      <Extensions>cpp;c;cc;cxx;def;odl;idl;hpj;bat;asm;asmx</Extensions>
    </Filter>
    <Filter Include="Headerdateien">
      <UniqueIdentifier>{93995380-89BD-4b04-88EB-625FBE52EBFB}</UniqueIdentifier>
      <Extensions>h;hh;hpp;hxx;hm;inl;inc;xsd</Extensions>
    </Filter>
    <Filter Include="Ressourcendateien">
      <UniqueIdentifier>{67DA6AB6-F800-4c08-8B7A-83BB121AAD01}</UniqueIdentifier>
      <Extensions>rc;ico;cur;bmp;dlg;rc2;rct;bin;rgs;gif;jpg;jpeg;jpe;resx;tiff;tif;png;wav;mfcribbon-ms</Extensions>
    </Filter>
    <Filter Include="Headerdateien\Input">
      <UniqueIdentifier>{b3eba74c-49db-492d-8260-7db965f89446}</UniqueIdentifier>
    </Filter>
    <Filter Include="Headerdateien\Time">
      <UniqueIdentifier>{fb71e149-9aed-440e-ab3a-99511b9a7041}</UniqueIdentifier>
    </Filter>
    <Filter Include="Quelldateien\Input">
      <UniqueIdentifier>{0a12f509-90fe-46cb-82f7-627d0b097fcf}</UniqueIdentifier>
    </Filter>
    <Filter Include="Quelldateien\Time">
      <UniqueIdentifier>{77c973e9-30ea-4dea-9ba6-e0ac46965e3f}</UniqueIdentifier>
    </Filter>
    <Filter Include="Headerdateien\Renderer">
      <UniqueIdentifier>{c5f3f6a6-6293-4697-b873-214d29b91eb5}</UniqueIdentifier>
    </Filter>
    <Filter Include="Headerdateien\Renderer\DirectX11">
      <UniqueIdentifier>{e9517ef9-e1ab-4e2e-b88b-0fe356771c44}</UniqueIdentifier>
    </Filter>
    <Filter Include="Headerdateien\Renderer\GDI">
      <UniqueIdentifier>{98c77a24-9b49-4278-97e6-564a27fc69e1}</UniqueIdentifier>
    </Filter>
    <Filter Include="Headerdateien\Renderer\OpenGL">
      <UniqueIdentifier>{1282d4f7-862f-40af-82c0-e06baefdfa96}</UniqueIdentifier>
    </Filter>
    <Filter Include="Quelldateien\Renderer">
      <UniqueIdentifier>{5d237c4a-9785-4de8-8865-ef4cd00c3426}</UniqueIdentifier>
    </Filter>
    <Filter Include="Quelldateien\Renderer\GDI">
      <UniqueIdentifier>{dcca7421-a5c2-467c-9a78-23f8acd95f43}</UniqueIdentifier>
    </Filter>
    <Filter Include="Quelldateien\Renderer\DirectX11">
      <UniqueIdentifier>{519c3ded-f877-48b8-8d88-53a55d97b169}</UniqueIdentifier>
    </Filter>
    <Filter Include="Quelldateien\Renderer\OpenGL">
      <UniqueIdentifier>{0b3e6b5f-2573-48e8-9f09-6ae5fa95ffa5}</UniqueIdentifier>
    </Filter>
    <Filter Include="Headerdateien\Renderer\Direct2D">
      <UniqueIdentifier>{b78889a4-ccbc-46eb-a880-3bbd02919072}</UniqueIdentifier>
    </Filter>
    <Filter Include="Quelldateien\Renderer\Direct2D">
      <UniqueIdentifier>{4bda5161-e26f-44ae-8ac2-30b9e456a775}</UniqueIdentifier>
    </Filter>
    <Filter Include="Quelldateien\Audio">
      <UniqueIdentifier>{6f941499-449d-4bb0-b26d-7720329dd85f}</UniqueIdentifier>
    </Filter>
    <Filter Include="Headerdateien\Audio">
      <UniqueIdentifier>{85f4983e-a28e-4d4d-8b40-2e35685a6e8b}</UniqueIdentifier>
    </Filter>
    <Filter Include="Headerdateien\Math">
      <UniqueIdentifier>{dfbc721a-9f27-401d-8dff-cb315164b586}</UniqueIdentifier>
    </Filter>
    <Filter Include="Quelldateien\Math">
      <UniqueIdentifier>{fbfb823b-e41b-47fa-8543-b0a51595b262}</UniqueIdentifier>
    </Filter>
    <Filter Include="Headerdateien\UI">
      <UniqueIdentifier>{1fc8afff-88af-4bc0-8255-f2112ee6ab48}</UniqueIdentifier>
    </Filter>
    <Filter Include="Quelldateien\UI">
      <UniqueIdentifier>{b321ba71-15b2-491b-b5e7-cca6c2d4ec5e}</UniqueIdentifier>
    </Filter>
    <Filter Include="Headerdateien\Manager">
      <UniqueIdentifier>{5e1d25a0-700f-4fbf-b25a-c42bcc15083a}</UniqueIdentifier>
    </Filter>
    <Filter Include="Quelldateien\Manager">
      <UniqueIdentifier>{a600ab67-1b34-42ae-bf44-4f72a83db73e}</UniqueIdentifier>
    </Filter>
    <Filter Include="Headerdateien\Scenes">
      <UniqueIdentifier>{c6722112-e3a8-4238-a455-1531f9bc1ec9}</UniqueIdentifier>
    </Filter>
    <Filter Include="Quelldateien\Scenes">
      <UniqueIdentifier>{97c8d1b0-ea21-49ea-99ab-41a0da20b140}</UniqueIdentifier>
    </Filter>
    <Filter Include="Headerdateien\Allocators">
      <UniqueIdentifier>{33992a97-6f91-4143-adb2-05f4be75e992}</UniqueIdentifier>
    </Filter>
    <Filter Include="Quelldateien\Allocators">
      <UniqueIdentifier>{4ead1577-b3b7-4cc5-a563-a5384c9c82eb}</UniqueIdentifier>
    </Filter>
    <Filter Include="Headerdateien\Components">
      <UniqueIdentifier>{b8e04355-d961-4ccd-9c10-438fe8e5409c}</UniqueIdentifier>
    </Filter>
    <Filter Include="Quelldateien\Components">
      <UniqueIdentifier>{697a3b9f-d7c7-4929-94da-76e0ed65b6be}</UniqueIdentifier>
    </Filter>
  </ItemGroup>
  <ItemGroup>
    <ClInclude Include="CApplication.h">
      <Filter>Headerdateien</Filter>
    </ClInclude>
    <ClInclude Include="CWindow.h">
      <Filter>Headerdateien</Filter>
    </ClInclude>
    <ClInclude Include="GlobalFunctions.h">
      <Filter>Headerdateien</Filter>
    </ClInclude>
    <ClInclude Include="EKeyCode.h">
      <Filter>Headerdateien\Input</Filter>
    </ClInclude>
    <ClInclude Include="IInput.h">
      <Filter>Headerdateien\Input</Filter>
    </ClInclude>
    <ClInclude Include="CMouse.h">
      <Filter>Headerdateien\Input</Filter>
    </ClInclude>
    <ClInclude Include="CRendererDirectX11.h">
      <Filter>Headerdateien\Renderer\DirectX11</Filter>
    </ClInclude>
    <ClInclude Include="CTextureDirectX11.h">
      <Filter>Headerdateien\Renderer\DirectX11</Filter>
    </ClInclude>
    <ClInclude Include="CRendererOpenGL.h">
      <Filter>Headerdateien\Renderer\OpenGL</Filter>
    </ClInclude>
    <ClInclude Include="CTextureOpenGL.h">
      <Filter>Headerdateien\Renderer\OpenGL</Filter>
    </ClInclude>
    <ClInclude Include="CTextureGDI.h">
      <Filter>Headerdateien\Renderer\GDI</Filter>
    </ClInclude>
    <ClInclude Include="CRendererGDI.h">
      <Filter>Headerdateien\Renderer\GDI</Filter>
    </ClInclude>
    <ClInclude Include="IRenderer.h">
      <Filter>Headerdateien\Renderer</Filter>
    </ClInclude>
    <ClInclude Include="ITexture.h">
      <Filter>Headerdateien\Renderer</Filter>
    </ClInclude>
    <ClInclude Include="CWindowsInput.h">
      <Filter>Headerdateien\Input</Filter>
    </ClInclude>
    <ClInclude Include="CInputManager.h">
      <Filter>Headerdateien\Input</Filter>
    </ClInclude>
    <ClInclude Include="CGameTimer.h">
      <Filter>Headerdateien\Time</Filter>
    </ClInclude>
    <ClInclude Include="CRendererDirect2D.h">
      <Filter>Headerdateien\Renderer\Direct2D</Filter>
    </ClInclude>
    <ClInclude Include="CTextureDirect2D.h">
      <Filter>Headerdateien\Renderer\Direct2D</Filter>
    </ClInclude>
    <ClInclude Include="CTime.h">
      <Filter>Headerdateien\Time</Filter>
    </ClInclude>
    <ClInclude Include="SVector3.h">
      <Filter>Headerdateien\Math</Filter>
    </ClInclude>
    <ClInclude Include="SMatrix4x4.h">
      <Filter>Headerdateien\Math</Filter>
    </ClInclude>
    <ClInclude Include="CUIButton.h">
      <Filter>Headerdateien\UI</Filter>
    </ClInclude>
    <ClInclude Include="CUISystem.h">
      <Filter>Headerdateien\UI</Filter>
    </ClInclude>
    <ClInclude Include="ERenderer.h">
      <Filter>Headerdateien\Renderer</Filter>
    </ClInclude>
    <ClInclude Include="EButtonState.h">
      <Filter>Headerdateien\UI</Filter>
    </ClInclude>
    <ClInclude Include="Callback.h">
      <Filter>Headerdateien\UI</Filter>
    </ClInclude>
    <ClInclude Include="SButtonData.h">
      <Filter>Headerdateien\UI</Filter>
    </ClInclude>
    <ClInclude Include="CAudio.h">
      <Filter>Headerdateien\Audio</Filter>
    </ClInclude>
    <ClInclude Include="IAudioChannel.h">
      <Filter>Headerdateien\Audio</Filter>
    </ClInclude>
    <ClInclude Include="CAudioChannel.h">
      <Filter>Headerdateien\Audio</Filter>
    </ClInclude>
    <ClInclude Include="IAudio.h">
      <Filter>Headerdateien\Audio</Filter>
    </ClInclude>
    <ClInclude Include="EKeyState.h">
      <Filter>Headerdateien\Input</Filter>
    </ClInclude>
    <ClInclude Include="SBitmap.h">
      <Filter>Headerdateien\Renderer</Filter>
    </ClInclude>
    <ClInclude Include="SBitmapHeader.h">
      <Filter>Headerdateien\Renderer</Filter>
    </ClInclude>
    <ClInclude Include="SVertex.h">
      <Filter>Headerdateien\Renderer</Filter>
    </ClInclude>
    <ClInclude Include="SRect.h">
      <Filter>Headerdateien\Renderer</Filter>
    </ClInclude>
    <ClInclude Include="SVector4.h">
      <Filter>Headerdateien\Math</Filter>
    </ClInclude>
    <ClInclude Include="CTextureManager.h">
      <Filter>Headerdateien\Manager</Filter>
    </ClInclude>
    <ClInclude Include="IManager.h">
      <Filter>Headerdateien\Manager</Filter>
    </ClInclude>
    <ClInclude Include="DataNames.h">
      <Filter>Headerdateien</Filter>
    </ClInclude>
    <ClInclude Include="CGameObject.h">
      <Filter>Headerdateien</Filter>
    </ClInclude>
    <ClInclude Include="CGameScene.h">
      <Filter>Headerdateien\Scenes</Filter>
    </ClInclude>
    <ClInclude Include="IScene.h">
      <Filter>Headerdateien\Scenes</Filter>
    </ClInclude>
    <ClInclude Include="CMenuScene.h">
      <Filter>Headerdateien\Scenes</Filter>
    </ClInclude>
    <ClInclude Include="SAABB.h">
      <Filter>Headerdateien\Math</Filter>
    </ClInclude>
    <ClInclude Include="CQuadTree.h">
      <Filter>Headerdateien\Manager</Filter>
    </ClInclude>
    <ClInclude Include="EScenes.h">
      <Filter>Headerdateien\Scenes</Filter>
    </ClInclude>
    <ClInclude Include="CBucketAllocator.h">
      <Filter>Headerdateien\Allocators</Filter>
    </ClInclude>
    <ClInclude Include="CFrameAllocator.h">
      <Filter>Headerdateien\Allocators</Filter>
    </ClInclude>
    <ClInclude Include="CFreeListAllocator.h">
      <Filter>Headerdateien\Allocators</Filter>
    </ClInclude>
    <ClInclude Include="CSprite.h">
      <Filter>Headerdateien\Components</Filter>
    </ClInclude>
    <ClInclude Include="CRigidbody.h">
      <Filter>Headerdateien\Components</Filter>
    </ClInclude>
    <ClInclude Include="CCollider.h">
      <Filter>Headerdateien\Components</Filter>
    </ClInclude>
    <ClInclude Include="IComponent.h">
      <Filter>Headerdateien\Components</Filter>
    </ClInclude>
    <ClInclude Include="CTransform.h">
      <Filter>Headerdateien\Components</Filter>
    </ClInclude>
    <ClInclude Include="CInputController.h">
      <Filter>Headerdateien\Components</Filter>
    </ClInclude>
    <ClInclude Include="IComponentManager.h">
      <Filter>Headerdateien\Manager</Filter>
    </ClInclude>
    <ClInclude Include="IComponentManager.hpp">
      <Filter>Quelldateien\Manager</Filter>
    </ClInclude>
    <ClInclude Include="SVector4.hpp">
      <Filter>Quelldateien\Math</Filter>
    </ClInclude>
    <ClInclude Include="SVector3.hpp">
      <Filter>Quelldateien\Math</Filter>
    </ClInclude>
    <ClInclude Include="EColliderType.h">
      <Filter>Headerdateien\Math</Filter>
    </ClInclude>
    <ClInclude Include="SBCircle.h">
      <Filter>Headerdateien\Math</Filter>
    </ClInclude>
    <ClInclude Include="CColliderTypeCollisions.h">
      <Filter>Headerdateien</Filter>
    </ClInclude>
  </ItemGroup>
  <ItemGroup>
    <ClCompile Include="CApplication.cpp">
      <Filter>Quelldateien</Filter>
    </ClCompile>
    <ClCompile Include="CWindow.cpp">
      <Filter>Quelldateien</Filter>
    </ClCompile>
    <ClCompile Include="GlobalFunctions.cpp">
      <Filter>Quelldateien</Filter>
    </ClCompile>
    <ClCompile Include="main.cpp">
      <Filter>Quelldateien</Filter>
    </ClCompile>
    <ClCompile Include="CMouse.cpp">
      <Filter>Quelldateien\Input</Filter>
    </ClCompile>
    <ClCompile Include="CRendererGDI.cpp">
      <Filter>Quelldateien\Renderer\GDI</Filter>
    </ClCompile>
    <ClCompile Include="CTextureGDI.cpp">
      <Filter>Quelldateien\Renderer\GDI</Filter>
    </ClCompile>
    <ClCompile Include="CRendererDirectX11.cpp">
      <Filter>Quelldateien\Renderer\DirectX11</Filter>
    </ClCompile>
    <ClCompile Include="CTextureDirectX11.cpp">
      <Filter>Quelldateien\Renderer\DirectX11</Filter>
    </ClCompile>
    <ClCompile Include="CTextureOpenGL.cpp">
      <Filter>Quelldateien\Renderer\OpenGL</Filter>
    </ClCompile>
    <ClCompile Include="CRendererOpenGL.cpp">
      <Filter>Quelldateien\Renderer\OpenGL</Filter>
    </ClCompile>
    <ClCompile Include="CInputManager.cpp">
      <Filter>Quelldateien\Input</Filter>
    </ClCompile>
    <ClCompile Include="CGameTimer.cpp">
      <Filter>Quelldateien\Time</Filter>
    </ClCompile>
    <ClCompile Include="CRendererDirect2D.cpp">
      <Filter>Quelldateien\Renderer\Direct2D</Filter>
    </ClCompile>
    <ClCompile Include="CTextureDirect2D.cpp">
      <Filter>Quelldateien\Renderer\Direct2D</Filter>
    </ClCompile>
    <ClCompile Include="CTime.cpp">
      <Filter>Quelldateien\Time</Filter>
    </ClCompile>
    <ClCompile Include="CWindowsInput.cpp">
      <Filter>Quelldateien\Input</Filter>
    </ClCompile>
    <ClCompile Include="SMatrix4x4.cpp">
      <Filter>Quelldateien\Math</Filter>
    </ClCompile>
    <ClCompile Include="SVector3.cpp">
      <Filter>Quelldateien\Math</Filter>
    </ClCompile>
    <ClCompile Include="CUIButton.cpp">
      <Filter>Quelldateien\UI</Filter>
    </ClCompile>
    <ClCompile Include="CUISystem.cpp">
      <Filter>Quelldateien\UI</Filter>
    </ClCompile>
    <ClCompile Include="CAudioChannel.cpp">
      <Filter>Quelldateien\Audio</Filter>
    </ClCompile>
    <ClCompile Include="CAudio.cpp">
      <Filter>Quelldateien\Audio</Filter>
    </ClCompile>
    <ClCompile Include="SVector4.cpp">
      <Filter>Quelldateien\Math</Filter>
    </ClCompile>
    <ClCompile Include="CTextureManager.cpp">
      <Filter>Quelldateien\Manager</Filter>
    </ClCompile>
    <ClCompile Include="CGameScene.cpp">
      <Filter>Quelldateien\Scenes</Filter>
    </ClCompile>
    <ClCompile Include="CGameObject.cpp">
      <Filter>Quelldateien</Filter>
    </ClCompile>
    <ClCompile Include="CMenuScene.cpp">
      <Filter>Quelldateien\Scenes</Filter>
    </ClCompile>
    <ClCompile Include="SAABB.cpp">
      <Filter>Quelldateien\Math</Filter>
    </ClCompile>
    <ClCompile Include="CQuadTree.cpp">
      <Filter>Quelldateien\Manager</Filter>
    </ClCompile>
    <ClCompile Include="CBucketAllocator.cpp">
      <Filter>Quelldateien\Allocators</Filter>
    </ClCompile>
    <ClCompile Include="CFrameAllocator.cpp">
      <Filter>Quelldateien\Allocators</Filter>
    </ClCompile>
    <ClCompile Include="CFreeListAllocator.cpp">
      <Filter>Quelldateien\Allocators</Filter>
    </ClCompile>
    <ClCompile Include="CSprite.cpp">
      <Filter>Quelldateien\Components</Filter>
    </ClCompile>
    <ClCompile Include="CTransform.cpp">
      <Filter>Quelldateien\Components</Filter>
    </ClCompile>
    <ClCompile Include="CCollider.cpp">
      <Filter>Quelldateien\Components</Filter>
    </ClCompile>
    <ClCompile Include="CRigidbody.cpp">
      <Filter>Quelldateien\Components</Filter>
    </ClCompile>
    <ClCompile Include="CInputController.cpp">
      <Filter>Quelldateien\Components</Filter>
    </ClCompile>
    <ClCompile Include="IComponent.cpp">
      <Filter>Quelldateien\Components</Filter>
    </ClCompile>
    <ClCompile Include="IComponentManager.cpp">
      <Filter>Quelldateien\Manager</Filter>
    </ClCompile>
    <ClCompile Include="SBCircle.cpp">
      <Filter>Quelldateien\Math</Filter>
    </ClCompile>
    <ClCompile Include="CColliderTypeCollisions.cpp">
      <Filter>Quelldateien</Filter>
    </ClCompile>
  </ItemGroup>
  <ItemGroup>
    <None Include="Shader.hlsl">
      <Filter>Ressourcendateien</Filter>
    </None>
  </ItemGroup>
</Project>